
Microsoft Visual Studio Solution File, Format Version 12.00
# Visual Studio 15
VisualStudioVersion = 15.0.26124.0
MinimumVisualStudioVersion = 15.0.26124.0
Project("{FAE04EC0-301F-11D3-BF4B-00C04F79EFBC}") = "API", "API\API.csproj", "{AC260704-1D1D-4376-8333-AA5DDD2FD9A6}"
EndProject
Project("{FAE04EC0-301F-11D3-BF4B-00C04F79EFBC}") = "Application", "Application\Application.csproj", "{23D7D5F1-4C76-4D5D-9872-9189E6A85B7C}"
EndProject
Project("{FAE04EC0-301F-11D3-BF4B-00C04F79EFBC}") = "Persistence", "Persistence\Persistence.csproj", "{6F1C4FAE-0842-4450-BBE8-A995D9830384}"
EndProject
Project("{FAE04EC0-301F-11D3-BF4B-00C04F79EFBC}") = "Domain", "Domain\Domain.csproj", "{F86F39D9-1409-44EE-AC71-365307E11401}"
EndProject
Project("{FAE04EC0-301F-11D3-BF4B-00C04F79EFBC}") = "Infrastructure", "Infrastructure\Infrastructure.csproj", "{A75256B8-7AB2-4966-A1EF-D3A735F8CEF1}"
EndProject
Global
	GlobalSection(SolutionConfigurationPlatforms) = preSolution
		Debug|Any CPU = Debug|Any CPU
		Debug|x64 = Debug|x64
		Debug|x86 = Debug|x86
		Release|Any CPU = Release|Any CPU
		Release|x64 = Release|x64
		Release|x86 = Release|x86
	EndGlobalSection
	GlobalSection(SolutionProperties) = preSolution
		HideSolutionNode = FALSE
	EndGlobalSection
	GlobalSection(ProjectConfigurationPlatforms) = postSolution
		{AC260704-1D1D-4376-8333-AA5DDD2FD9A6}.Debug|Any CPU.ActiveCfg = Debug|Any CPU
		{AC260704-1D1D-4376-8333-AA5DDD2FD9A6}.Debug|Any CPU.Build.0 = Debug|Any CPU
		{AC260704-1D1D-4376-8333-AA5DDD2FD9A6}.Debug|x64.ActiveCfg = Debug|Any CPU
		{AC260704-1D1D-4376-8333-AA5DDD2FD9A6}.Debug|x64.Build.0 = Debug|Any CPU
		{AC260704-1D1D-4376-8333-AA5DDD2FD9A6}.Debug|x86.ActiveCfg = Debug|Any CPU
		{AC260704-1D1D-4376-8333-AA5DDD2FD9A6}.Debug|x86.Build.0 = Debug|Any CPU
		{AC260704-1D1D-4376-8333-AA5DDD2FD9A6}.Release|Any CPU.ActiveCfg = Release|Any CPU
		{AC260704-1D1D-4376-8333-AA5DDD2FD9A6}.Release|Any CPU.Build.0 = Release|Any CPU
		{AC260704-1D1D-4376-8333-AA5DDD2FD9A6}.Release|x64.ActiveCfg = Release|Any CPU
		{AC260704-1D1D-4376-8333-AA5DDD2FD9A6}.Release|x64.Build.0 = Release|Any CPU
		{AC260704-1D1D-4376-8333-AA5DDD2FD9A6}.Release|x86.ActiveCfg = Release|Any CPU
		{AC260704-1D1D-4376-8333-AA5DDD2FD9A6}.Release|x86.Build.0 = Release|Any CPU
		{23D7D5F1-4C76-4D5D-9872-9189E6A85B7C}.Debug|Any CPU.ActiveCfg = Debug|Any CPU
		{23D7D5F1-4C76-4D5D-9872-9189E6A85B7C}.Debug|Any CPU.Build.0 = Debug|Any CPU
		{23D7D5F1-4C76-4D5D-9872-9189E6A85B7C}.Debug|x64.ActiveCfg = Debug|Any CPU
		{23D7D5F1-4C76-4D5D-9872-9189E6A85B7C}.Debug|x64.Build.0 = Debug|Any CPU
		{23D7D5F1-4C76-4D5D-9872-9189E6A85B7C}.Debug|x86.ActiveCfg = Debug|Any CPU
		{23D7D5F1-4C76-4D5D-9872-9189E6A85B7C}.Debug|x86.Build.0 = Debug|Any CPU
		{23D7D5F1-4C76-4D5D-9872-9189E6A85B7C}.Release|Any CPU.ActiveCfg = Release|Any CPU
		{23D7D5F1-4C76-4D5D-9872-9189E6A85B7C}.Release|Any CPU.Build.0 = Release|Any CPU
		{23D7D5F1-4C76-4D5D-9872-9189E6A85B7C}.Release|x64.ActiveCfg = Release|Any CPU
		{23D7D5F1-4C76-4D5D-9872-9189E6A85B7C}.Release|x64.Build.0 = Release|Any CPU
		{23D7D5F1-4C76-4D5D-9872-9189E6A85B7C}.Release|x86.ActiveCfg = Release|Any CPU
		{23D7D5F1-4C76-4D5D-9872-9189E6A85B7C}.Release|x86.Build.0 = Release|Any CPU
		{6F1C4FAE-0842-4450-BBE8-A995D9830384}.Debug|Any CPU.ActiveCfg = Debug|Any CPU
		{6F1C4FAE-0842-4450-BBE8-A995D9830384}.Debug|Any CPU.Build.0 = Debug|Any CPU
		{6F1C4FAE-0842-4450-BBE8-A995D9830384}.Debug|x64.ActiveCfg = Debug|Any CPU
		{6F1C4FAE-0842-4450-BBE8-A995D9830384}.Debug|x64.Build.0 = Debug|Any CPU
		{6F1C4FAE-0842-4450-BBE8-A995D9830384}.Debug|x86.ActiveCfg = Debug|Any CPU
		{6F1C4FAE-0842-4450-BBE8-A995D9830384}.Debug|x86.Build.0 = Debug|Any CPU
		{6F1C4FAE-0842-4450-BBE8-A995D9830384}.Release|Any CPU.ActiveCfg = Release|Any CPU
		{6F1C4FAE-0842-4450-BBE8-A995D9830384}.Release|Any CPU.Build.0 = Release|Any CPU
		{6F1C4FAE-0842-4450-BBE8-A995D9830384}.Release|x64.ActiveCfg = Release|Any CPU
		{6F1C4FAE-0842-4450-BBE8-A995D9830384}.Release|x64.Build.0 = Release|Any CPU
		{6F1C4FAE-0842-4450-BBE8-A995D9830384}.Release|x86.ActiveCfg = Release|Any CPU
		{6F1C4FAE-0842-4450-BBE8-A995D9830384}.Release|x86.Build.0 = Release|Any CPU
		{F86F39D9-1409-44EE-AC71-365307E11401}.Debug|Any CPU.ActiveCfg = Debug|Any CPU
		{F86F39D9-1409-44EE-AC71-365307E11401}.Debug|Any CPU.Build.0 = Debug|Any CPU
		{F86F39D9-1409-44EE-AC71-365307E11401}.Debug|x64.ActiveCfg = Debug|Any CPU
		{F86F39D9-1409-44EE-AC71-365307E11401}.Debug|x64.Build.0 = Debug|Any CPU
		{F86F39D9-1409-44EE-AC71-365307E11401}.Debug|x86.ActiveCfg = Debug|Any CPU
		{F86F39D9-1409-44EE-AC71-365307E11401}.Debug|x86.Build.0 = Debug|Any CPU
		{F86F39D9-1409-44EE-AC71-365307E11401}.Release|Any CPU.ActiveCfg = Release|Any CPU
		{F86F39D9-1409-44EE-AC71-365307E11401}.Release|Any CPU.Build.0 = Release|Any CPU
		{F86F39D9-1409-44EE-AC71-365307E11401}.Release|x64.ActiveCfg = Release|Any CPU
		{F86F39D9-1409-44EE-AC71-365307E11401}.Release|x64.Build.0 = Release|Any CPU
		{F86F39D9-1409-44EE-AC71-365307E11401}.Release|x86.ActiveCfg = Release|Any CPU
		{F86F39D9-1409-44EE-AC71-365307E11401}.Release|x86.Build.0 = Release|Any CPU
		{A75256B8-7AB2-4966-A1EF-D3A735F8CEF1}.Debug|Any CPU.ActiveCfg = Debug|Any CPU
		{A75256B8-7AB2-4966-A1EF-D3A735F8CEF1}.Debug|Any CPU.Build.0 = Debug|Any CPU
		{A75256B8-7AB2-4966-A1EF-D3A735F8CEF1}.Debug|x64.ActiveCfg = Debug|Any CPU
		{A75256B8-7AB2-4966-A1EF-D3A735F8CEF1}.Debug|x64.Build.0 = Debug|Any CPU
		{A75256B8-7AB2-4966-A1EF-D3A735F8CEF1}.Debug|x86.ActiveCfg = Debug|Any CPU
		{A75256B8-7AB2-4966-A1EF-D3A735F8CEF1}.Debug|x86.Build.0 = Debug|Any CPU
		{A75256B8-7AB2-4966-A1EF-D3A735F8CEF1}.Release|Any CPU.ActiveCfg = Release|Any CPU
		{A75256B8-7AB2-4966-A1EF-D3A735F8CEF1}.Release|Any CPU.Build.0 = Release|Any CPU
		{A75256B8-7AB2-4966-A1EF-D3A735F8CEF1}.Release|x64.ActiveCfg = Release|Any CPU
		{A75256B8-7AB2-4966-A1EF-D3A735F8CEF1}.Release|x64.Build.0 = Release|Any CPU
		{A75256B8-7AB2-4966-A1EF-D3A735F8CEF1}.Release|x86.ActiveCfg = Release|Any CPU
		{A75256B8-7AB2-4966-A1EF-D3A735F8CEF1}.Release|x86.Build.0 = Release|Any CPU
	EndGlobalSection
EndGlobal
